
Microsoft Visual Studio Solution File, Format Version 12.00
# Visual Studio 2015
Project("{FAE04EC0-301F-11D3-BF4B-00C04F79EFBC}") = "Dodge Blocks.CSharp.Plugins", "Dodge Blocks.CSharp.Plugins.csproj", "{D81DDB11-4B6D-9025-17C2-A0957654B6B5}"
EndProject
Project("{FAE04EC0-301F-11D3-BF4B-00C04F79EFBC}") = "Dodge Blocks.CSharp", "Dodge Blocks.CSharp.csproj", "{3990CFE3-A0A3-9F0F-6D4F-C8232EABA212}"
EndProject
Project("{FAE04EC0-301F-11D3-BF4B-00C04F79EFBC}") = "Dodge Blocks.CSharp.Editor", "Dodge Blocks.CSharp.Editor.csproj", "{7ED199C7-F4B4-4120-4633-C45BBE6010C8}"
EndProject
Global
	GlobalSection(SolutionConfigurationPlatforms) = preSolution
		Debug|Any CPU = Debug|Any CPU
		Release|Any CPU = Release|Any CPU
	EndGlobalSection
	GlobalSection(ProjectConfigurationPlatforms) = postSolution
		{D81DDB11-4B6D-9025-17C2-A0957654B6B5}.Debug|Any CPU.ActiveCfg = Debug|Any CPU
		{D81DDB11-4B6D-9025-17C2-A0957654B6B5}.Debug|Any CPU.Build.0 = Debug|Any CPU
		{D81DDB11-4B6D-9025-17C2-A0957654B6B5}.Release|Any CPU.ActiveCfg = Release|Any CPU
		{D81DDB11-4B6D-9025-17C2-A0957654B6B5}.Release|Any CPU.Build.0 = Release|Any CPU
		{3990CFE3-A0A3-9F0F-6D4F-C8232EABA212}.Debug|Any CPU.ActiveCfg = Debug|Any CPU
		{3990CFE3-A0A3-9F0F-6D4F-C8232EABA212}.Debug|Any CPU.Build.0 = Debug|Any CPU
		{3990CFE3-A0A3-9F0F-6D4F-C8232EABA212}.Release|Any CPU.ActiveCfg = Release|Any CPU
		{3990CFE3-A0A3-9F0F-6D4F-C8232EABA212}.Release|Any CPU.Build.0 = Release|Any CPU
		{7ED199C7-F4B4-4120-4633-C45BBE6010C8}.Debug|Any CPU.ActiveCfg = Debug|Any CPU
		{7ED199C7-F4B4-4120-4633-C45BBE6010C8}.Debug|Any CPU.Build.0 = Debug|Any CPU
		{7ED199C7-F4B4-4120-4633-C45BBE6010C8}.Release|Any CPU.ActiveCfg = Release|Any CPU
		{7ED199C7-F4B4-4120-4633-C45BBE6010C8}.Release|Any CPU.Build.0 = Release|Any CPU
	EndGlobalSection
	GlobalSection(SolutionProperties) = preSolution
		HideSolutionNode = FALSE
	EndGlobalSection
EndGlobal
